# This file is automatically @generated by Cargo.
# It is not intended for manual editing.
version = 4

[[package]]
name = "aoc-2025-rust"
version = "0.1.0"
dependencies = [
 "io_tee",
 "kust",
 "seq-macro",
]

[[package]]
name = "io_tee"
version = "0.1.1"
source = "registry+https://github.com/rust-lang/crates.io-index"
checksum = "4b3f7cef34251886990511df1c61443aa928499d598a9473929ab5a90a527304"

[[package]]
name = "kust"
version = "0.0.2"
source = "registry+https://github.com/rust-lang/crates.io-index"
checksum = "8c9fe7a758e2c08fdf6c2b05c6a7c4f973e43452178583a768bf9e64f6b9b1d7"

[[package]]
name = "seq-macro"
version = "0.3.6"
source = "registry+https://github.com/rust-lang/crates.io-index"
checksum = "1bc711410fbe7399f390ca1c3b60ad0f53f80e95c5eb935e52268a0e2cd49acc"
